
Microsoft Visual Studio Solution File, Format Version 11.00
# Visual Studio 2010
Project("{FAE04EC0-301F-11D3-BF4B-00C04F79EFBC}") = "MvcMusicStore", "MvcMusicStore\MvcMusicStore.csproj", "{34E02C2B-1C94-428D-9E1B-6639C9641A08}"
EndProject
Global
	GlobalSection(SolutionConfigurationPlatforms) = preSolution
		Debug|Any CPU = Debug|Any CPU
		Release|Any CPU = Release|Any CPU
	EndGlobalSection
	GlobalSection(ProjectConfigurationPlatforms) = postSolution
		{34E02C2B-1C94-428D-9E1B-6639C9641A08}.Debug|Any CPU.ActiveCfg = Debug|Any CPU
		{34E02C2B-1C94-428D-9E1B-6639C9641A08}.Debug|Any CPU.Build.0 = Debug|Any CPU
		{34E02C2B-1C94-428D-9E1B-6639C9641A08}.Release|Any CPU.ActiveCfg = Release|Any CPU
		{34E02C2B-1C94-428D-9E1B-6639C9641A08}.Release|Any CPU.Build.0 = Release|Any CPU
	EndGlobalSection
	GlobalSection(SolutionProperties) = preSolution
		HideSolutionNode = FALSE
	EndGlobalSection
EndGlobal
